Microsoft Visual Studio Solution File, Format Version 12.00
# Visual Studio Version 17
VisualStudioVersion = 17.11.35303.130
MinimumVisualStudioVersion = 16.0.0.0
Project("{9A19103F-16F7-4668-BE54-9A1E7A4F7556}") = "ystaggldev", "ystaggldev\ystaggldev.csproj", "{12CC502F-8CB5-4459-9E92-49A2196D0249}"
EndProject
Project("{9A19103F-16F7-4668-BE54-9A1E7A4F7556}") = "ystaggldev.Client", "ystaggldev.Client\ystaggldev.Client.csproj", "{27EDDF60-184E-4601-A7C6-F9D7F183D3E9}"
EndProject
Global
	GlobalSection(SolutionConfigurationPlatforms) = preSolution
		Debug|Any CPU = Debug|Any CPU
		Debug|x64 = Debug|x64
		Debug|x86 = Debug|x86
		Release|Any CPU = Release|Any CPU
		Release|x64 = Release|x64
		Release|x86 = Release|x86
	EndGlobalSection
	GlobalSection(ProjectConfigurationPlatforms) = postSolution
		{12CC502F-8CB5-4459-9E92-49A2196D0249}.Debug|Any CPU.ActiveCfg = Debug|Any CPU
		{12CC502F-8CB5-4459-9E92-49A2196D0249}.Debug|Any CPU.Build.0 = Debug|Any CPU
		{12CC502F-8CB5-4459-9E92-49A2196D0249}.Debug|x64.ActiveCfg = Debug|Any CPU
		{12CC502F-8CB5-4459-9E92-49A2196D0249}.Debug|x64.Build.0 = Debug|Any CPU
		{12CC502F-8CB5-4459-9E92-49A2196D0249}.Debug|x86.ActiveCfg = Debug|Any CPU
		{12CC502F-8CB5-4459-9E92-49A2196D0249}.Debug|x86.Build.0 = Debug|Any CPU
		{12CC502F-8CB5-4459-9E92-49A2196D0249}.Release|Any CPU.ActiveCfg = Release|Any CPU
		{12CC502F-8CB5-4459-9E92-49A2196D0249}.Release|Any CPU.Build.0 = Release|Any CPU
		{12CC502F-8CB5-4459-9E92-49A2196D0249}.Release|x64.ActiveCfg = Release|Any CPU
		{12CC502F-8CB5-4459-9E92-49A2196D0249}.Release|x64.Build.0 = Release|Any CPU
		{12CC502F-8CB5-4459-9E92-49A2196D0249}.Release|x86.ActiveCfg = Release|Any CPU
		{12CC502F-8CB5-4459-9E92-49A2196D0249}.Release|x86.Build.0 = Release|Any CPU
		{27EDDF60-184E-4601-A7C6-F9D7F183D3E9}.Debug|Any CPU.ActiveCfg = Debug|Any CPU
		{27EDDF60-184E-4601-A7C6-F9D7F183D3E9}.Debug|Any CPU.Build.0 = Debug|Any CPU
		{27EDDF60-184E-4601-A7C6-F9D7F183D3E9}.Debug|x64.ActiveCfg = Debug|Any CPU
		{27EDDF60-184E-4601-A7C6-F9D7F183D3E9}.Debug|x64.Build.0 = Debug|Any CPU
		{27EDDF60-184E-4601-A7C6-F9D7F183D3E9}.Debug|x86.ActiveCfg = Debug|Any CPU
		{27EDDF60-184E-4601-A7C6-F9D7F183D3E9}.Debug|x86.Build.0 = Debug|Any CPU
		{27EDDF60-184E-4601-A7C6-F9D7F183D3E9}.Release|Any CPU.ActiveCfg = Release|Any CPU
		{27EDDF60-184E-4601-A7C6-F9D7F183D3E9}.Release|Any CPU.Build.0 = Release|Any CPU
		{27EDDF60-184E-4601-A7C6-F9D7F183D3E9}.Release|x64.ActiveCfg = Release|Any CPU
		{27EDDF60-184E-4601-A7C6-F9D7F183D3E9}.Release|x64.Build.0 = Release|Any CPU
		{27EDDF60-184E-4601-A7C6-F9D7F183D3E9}.Release|x86.ActiveCfg = Release|Any CPU
		{27EDDF60-184E-4601-A7C6-F9D7F183D3E9}.Release|x86.Build.0 = Release|Any CPU
	EndGlobalSection
	GlobalSection(SolutionProperties) = preSolution
		HideSolutionNode = FALSE
	EndGlobalSection
	GlobalSection(ExtensibilityGlobals) = postSolution
		SolutionGuid = {7A9C1815-EEF8-42FA-9256-279CA43797A3}
	EndGlobalSection
EndGlobal
